// !$*UTF8*$!
{
	archiveVersion = 1;
	classes = {
	};
	objectVersion = 56;
	objects = {

/* Begin PBXBuildFile section */
		830471542B87B9E2005AEEB4 /* UIColor+.swift in Sources */ = {isa = PBXBuildFile; fileRef = 830471532B87B9E2005AEEB4 /* UIColor+.swift */; };
		830471562B87BA0E005AEEB4 /* UIStackView+.swift in Sources */ = {isa = PBXBuildFile; fileRef = 830471552B87BA0E005AEEB4 /* UIStackView+.swift */; };
		830471582B87BA52005AEEB4 /* UILabel+.swift in Sources */ = {isa = PBXBuildFile; fileRef = 830471572B87BA52005AEEB4 /* UILabel+.swift */; };
		8304715A2B87BBC2005AEEB4 /* UIButton+.swift in Sources */ = {isa = PBXBuildFile; fileRef = 830471592B87BBC2005AEEB4 /* UIButton+.swift */; };
		8304715C2B87BBEB005AEEB4 /* UITextField+.swift in Sources */ = {isa = PBXBuildFile; fileRef = 8304715B2B87BBEB005AEEB4 /* UITextField+.swift */; };
		8304715E2B87BD22005AEEB4 /* UIImageView+.swift in Sources */ = {isa = PBXBuildFile; fileRef = 8304715D2B87BD22005AEEB4 /* UIImageView+.swift */; };
		833A6AF12B873317001370CD /* AppDelegate.swift in Sources */ = {isa = PBXBuildFile; fileRef = 833A6AF02B873317001370CD /* AppDelegate.swift */; };
		833A6AF32B873317001370CD /* SceneDelegate.swift in Sources */ = {isa = PBXBuildFile; fileRef = 833A6AF22B873317001370CD /* SceneDelegate.swift */; };
		833A6AF52B873317001370CD /* ViewController.swift in Sources */ = {isa = PBXBuildFile; fileRef = 833A6AF42B873317001370CD /* ViewController.swift */; };
		833A6AFA2B87331A001370CD /* Assets.xcassets in Resources */ = {isa = PBXBuildFile; fileRef = 833A6AF92B87331A001370CD /* Assets.xcassets */; };
		833DC7FA2B874CD50096703B /* FontLiterals.swift in Sources */ = {isa = PBXBuildFile; fileRef = 833DC7F92B874CD50096703B /* FontLiterals.swift */; };
		833DC7FC2B874CE50096703B /* StringLiterals.swift in Sources */ = {isa = PBXBuildFile; fileRef = 833DC7FB2B874CE50096703B /* StringLiterals.swift */; };
		833DC7FE2B874CED0096703B /* SizeLiterals.swift in Sources */ = {isa = PBXBuildFile; fileRef = 833DC7FD2B874CED0096703B /* SizeLiterals.swift */; };
		833DC8012B874D250096703B /* UIView+.swift in Sources */ = {isa = PBXBuildFile; fileRef = 833DC8002B874D250096703B /* UIView+.swift */; };
		833DC8042B874D5C0096703B /* UITableViewRegisterable.swift in Sources */ = {isa = PBXBuildFile; fileRef = 833DC8032B874D5C0096703B /* UITableViewRegisterable.swift */; };
		833DC8062B874D9A0096703B /* NSObject+.swift in Sources */ = {isa = PBXBuildFile; fileRef = 833DC8052B874D9A0096703B /* NSObject+.swift */; };
		833DC8082B874DD90096703B /* UICollectionViewRegisterable.swift in Sources */ = {isa = PBXBuildFile; fileRef = 833DC8072B874DD90096703B /* UICollectionViewRegisterable.swift */; };
		833DC8132B8750EA0096703B /* HomeViewModel.swift in Sources */ = {isa = PBXBuildFile; fileRef = 833DC8122B8750EA0096703B /* HomeViewModel.swift */; };
		833DC8152B8750F30096703B /* HomeView.swift in Sources */ = {isa = PBXBuildFile; fileRef = 833DC8142B8750F30096703B /* HomeView.swift */; };
		833DC8172B8751150096703B /* a.swift in Sources */ = {isa = PBXBuildFile; fileRef = 833DC8162B8751150096703B /* a.swift */; };
		83752E3E2B9F086D0060F047 /* TabBarItem.swift in Sources */ = {isa = PBXBuildFile; fileRef = 83752E3D2B9F086D0060F047 /* TabBarItem.swift */; };
		83752E402B9F0E550060F047 /* TabBarController.swift in Sources */ = {isa = PBXBuildFile; fileRef = 83752E3F2B9F0E550060F047 /* TabBarController.swift */; };
		A41289DF2B9F72FE00E3462D /* RoleChoiceView.swift in Sources */ = {isa = PBXBuildFile; fileRef = A41289DE2B9F72FE00E3462D /* RoleChoiceView.swift */; };
		A41289E32B9F731300E3462D /* RoleChoiceViewController.swift in Sources */ = {isa = PBXBuildFile; fileRef = A41289E22B9F731300E3462D /* RoleChoiceViewController.swift */; };
		A41289E52BA0490B00E3462D /* OnboardingRegisterViewModel.swift in Sources */ = {isa = PBXBuildFile; fileRef = A41289E42BA0490B00E3462D /* OnboardingRegisterViewModel.swift */; };
		A41289EA2BA04B9D00E3462D /* NameInputViewController.swift in Sources */ = {isa = PBXBuildFile; fileRef = A41289E92BA04B9D00E3462D /* NameInputViewController.swift */; };
		A41289EC2BA04BA600E3462D /* NameInputView.swift in Sources */ = {isa = PBXBuildFile; fileRef = A41289EB2BA04BA600E3462D /* NameInputView.swift */; };
		A41289EF2BA04CC100E3462D /* CustomTextField.swift in Sources */ = {isa = PBXBuildFile; fileRef = A41289EE2BA04CC100E3462D /* CustomTextField.swift */; };
		A43B22F62BA3392500E15CC3 /* InviteCodeViewController.swift in Sources */ = {isa = PBXBuildFile; fileRef = A43B22F52BA3392500E15CC3 /* InviteCodeViewController.swift */; };
		A43B22F82BA3393100E15CC3 /* InviteCodeView.swift in Sources */ = {isa = PBXBuildFile; fileRef = A43B22F72BA3393100E15CC3 /* InviteCodeView.swift */; };
		A43B232D2BA6A44600E15CC3 /* StoreInputViewController.swift in Sources */ = {isa = PBXBuildFile; fileRef = A43B232C2BA6A44600E15CC3 /* StoreInputViewController.swift */; };
		A43B232F2BA6A45000E15CC3 /* StoreInputView.swift in Sources */ = {isa = PBXBuildFile; fileRef = A43B232E2BA6A45000E15CC3 /* StoreInputView.swift */; };
		A43B23312BA6A7F100E15CC3 /* String+.swift in Sources */ = {isa = PBXBuildFile; fileRef = A43B23302BA6A7F100E15CC3 /* String+.swift */; };
		A43B23372BA87C3400E15CC3 /* RegisterCompleteView.swift in Sources */ = {isa = PBXBuildFile; fileRef = A43B23362BA87C3400E15CC3 /* RegisterCompleteView.swift */; };
		A43B23392BA87C3C00E15CC3 /* RegisterCompleteViewController.swift in Sources */ = {isa = PBXBuildFile; fileRef = A43B23382BA87C3C00E15CC3 /* RegisterCompleteViewController.swift */; };
		A43B233C2BA87F0900E15CC3 /* FirebaseAnalytics in Frameworks */ = {isa = PBXBuildFile; productRef = A43B233B2BA87F0900E15CC3 /* FirebaseAnalytics */; };
		A43B233E2BA87F0900E15CC3 /* FirebaseAnalyticsOnDeviceConversion in Frameworks */ = {isa = PBXBuildFile; productRef = A43B233D2BA87F0900E15CC3 /* FirebaseAnalyticsOnDeviceConversion */; };
		A43B23402BA87F0900E15CC3 /* FirebaseAnalyticsSwift in Frameworks */ = {isa = PBXBuildFile; productRef = A43B233F2BA87F0900E15CC3 /* FirebaseAnalyticsSwift */; };
		A43B23422BA87F0900E15CC3 /* FirebaseAnalyticsWithoutAdIdSupport in Frameworks */ = {isa = PBXBuildFile; productRef = A43B23412BA87F0900E15CC3 /* FirebaseAnalyticsWithoutAdIdSupport */; };
		A43B23442BA87F0900E15CC3 /* FirebaseMessaging in Frameworks */ = {isa = PBXBuildFile; productRef = A43B23432BA87F0900E15CC3 /* FirebaseMessaging */; };
		A43B23462BA8830B00E15CC3 /* GoogleService-Info.plist in Resources */ = {isa = PBXBuildFile; fileRef = A43B23452BA8830B00E15CC3 /* GoogleService-Info.plist */; };
		A43B237A2BA98BFC00E15CC3 /* RxGesture in Frameworks */ = {isa = PBXBuildFile; productRef = A43B23792BA98BFC00E15CC3 /* RxGesture */; };
		A43C73E82B8F31C900B39F21 /* SUIT-SemiBold.ttf in Resources */ = {isa = PBXBuildFile; fileRef = A43C73E42B8F31C900B39F21 /* SUIT-SemiBold.ttf */; };
		A43C73E92B8F31C900B39F21 /* SUIT-Medium.ttf in Resources */ = {isa = PBXBuildFile; fileRef = A43C73E52B8F31C900B39F21 /* SUIT-Medium.ttf */; };
		A43C73EA2B8F31C900B39F21 /* SUIT-Bold.ttf in Resources */ = {isa = PBXBuildFile; fileRef = A43C73E62B8F31C900B39F21 /* SUIT-Bold.ttf */; };
		A43C73EB2B8F31C900B39F21 /* SUIT-Regular.ttf in Resources */ = {isa = PBXBuildFile; fileRef = A43C73E72B8F31C900B39F21 /* SUIT-Regular.ttf */; };
		A43C73EE2B9049C900B39F21 /* .swiftlint.yml in Resources */ = {isa = PBXBuildFile; fileRef = A43C73ED2B9049C900B39F21 /* .swiftlint.yml */; };
		A43C73F42B90513900B39F21 /* Config.swift in Sources */ = {isa = PBXBuildFile; fileRef = A43C73F32B90513900B39F21 /* Config.swift */; };
		A43C73F62B90515300B39F21 /* GeneralResponse.swift in Sources */ = {isa = PBXBuildFile; fileRef = A43C73F52B90515300B39F21 /* GeneralResponse.swift */; };
		A43C73F82B90515D00B39F21 /* NetworkLoggerPlugin.swift in Sources */ = {isa = PBXBuildFile; fileRef = A43C73F72B90515D00B39F21 /* NetworkLoggerPlugin.swift */; };
		A43C73FA2B90516C00B39F21 /* APIConstant.swift in Sources */ = {isa = PBXBuildFile; fileRef = A43C73F92B90516C00B39F21 /* APIConstant.swift */; };
		A43C73FC2B90517200B39F21 /* URLConstant.swift in Sources */ = {isa = PBXBuildFile; fileRef = A43C73FB2B90517200B39F21 /* URLConstant.swift */; };
		A43C74002B90518800B39F21 /* BaseTargetType.swift in Sources */ = {isa = PBXBuildFile; fileRef = A43C73FF2B90518800B39F21 /* BaseTargetType.swift */; };
		A43C74032B90525F00B39F21 /* HomeTarget.swift in Sources */ = {isa = PBXBuildFile; fileRef = A43C74022B90525F00B39F21 /* HomeTarget.swift */; };
		A43C74062B90527000B39F21 /* HomeAPI.swift in Sources */ = {isa = PBXBuildFile; fileRef = A43C74052B90527000B39F21 /* HomeAPI.swift */; };
		A488FB462B9AFAF4004D4A09 /* CustomNavigationView.swift in Sources */ = {isa = PBXBuildFile; fileRef = A488FB452B9AFAF4004D4A09 /* CustomNavigationView.swift */; };
		A488FB542B9B10FB004D4A09 /* CustomAlertView.swift in Sources */ = {isa = PBXBuildFile; fileRef = A488FB532B9B10FB004D4A09 /* CustomAlertView.swift */; };
		A488FB8A2B9B5DE8004D4A09 /* Then in Frameworks */ = {isa = PBXBuildFile; productRef = A488FB892B9B5DE8004D4A09 /* Then */; };
		A488FB8D2B9B5DF5004D4A09 /* Kingfisher in Frameworks */ = {isa = PBXBuildFile; productRef = A488FB8C2B9B5DF5004D4A09 /* Kingfisher */; };
		A488FB902B9B5E0E004D4A09 /* Moya in Frameworks */ = {isa = PBXBuildFile; productRef = A488FB8F2B9B5E0E004D4A09 /* Moya */; };
		A488FB932B9B5E6E004D4A09 /* RxCocoa in Frameworks */ = {isa = PBXBuildFile; productRef = A488FB922B9B5E6E004D4A09 /* RxCocoa */; };
		A488FB952B9B5E6E004D4A09 /* RxRelay in Frameworks */ = {isa = PBXBuildFile; productRef = A488FB942B9B5E6E004D4A09 /* RxRelay */; };
		A488FB972B9B5E6E004D4A09 /* RxSwift in Frameworks */ = {isa = PBXBuildFile; productRef = A488FB962B9B5E6E004D4A09 /* RxSwift */; };
		A488FBA22B9B5FC1004D4A09 /* SnapKit in Frameworks */ = {isa = PBXBuildFile; productRef = A488FBA12B9B5FC1004D4A09 /* SnapKit */; };
		A488FBA52B9B616B004D4A09 /* FSCalendar in Frameworks */ = {isa = PBXBuildFile; productRef = A488FBA42B9B616B004D4A09 /* FSCalendar */; };
		A488FBA82B9B6B8E004D4A09 /* CustomButton.swift in Sources */ = {isa = PBXBuildFile; fileRef = A488FBA72B9B6B8E004D4A09 /* CustomButton.swift */; };
		A488FBAB2B9B81AB004D4A09 /* CustomToastMessage.swift in Sources */ = {isa = PBXBuildFile; fileRef = A488FBAA2B9B81AB004D4A09 /* CustomToastMessage.swift */; };
/* End PBXBuildFile section */

/* Begin PBXFileReference section */
		830471532B87B9E2005AEEB4 /* UIColor+.swift */ = {isa = PBXFileReference; lastKnownFileType = sourcecode.swift; path = "UIColor+.swift"; sourceTree = "<group>"; };
		830471552B87BA0E005AEEB4 /* UIStackView+.swift */ = {isa = PBXFileReference; lastKnownFileType = sourcecode.swift; path = "UIStackView+.swift"; sourceTree = "<group>"; };
		830471572B87BA52005AEEB4 /* UILabel+.swift */ = {isa = PBXFileReference; lastKnownFileType = sourcecode.swift; path = "UILabel+.swift"; sourceTree = "<group>"; };
		830471592B87BBC2005AEEB4 /* UIButton+.swift */ = {isa = PBXFileReference; lastKnownFileType = sourcecode.swift; path = "UIButton+.swift"; sourceTree = "<group>"; };
		8304715B2B87BBEB005AEEB4 /* UITextField+.swift */ = {isa = PBXFileReference; lastKnownFileType = sourcecode.swift; path = "UITextField+.swift"; sourceTree = "<group>"; };
		8304715D2B87BD22005AEEB4 /* UIImageView+.swift */ = {isa = PBXFileReference; lastKnownFileType = sourcecode.swift; path = "UIImageView+.swift"; sourceTree = "<group>"; };
		833A6AED2B873317001370CD /* Cafebara-iOS.app */ = {isa = PBXFileReference; explicitFileType = wrapper.application; includeInIndex = 0; path = "Cafebara-iOS.app"; sourceTree = BUILT_PRODUCTS_DIR; };
		833A6AF02B873317001370CD /* AppDelegate.swift */ = {isa = PBXFileReference; lastKnownFileType = sourcecode.swift; path = AppDelegate.swift; sourceTree = "<group>"; };
		833A6AF22B873317001370CD /* SceneDelegate.swift */ = {isa = PBXFileReference; lastKnownFileType = sourcecode.swift; path = SceneDelegate.swift; sourceTree = "<group>"; };
		833A6AF42B873317001370CD /* ViewController.swift */ = {isa = PBXFileReference; lastKnownFileType = sourcecode.swift; path = ViewController.swift; sourceTree = "<group>"; };
		833A6AF92B87331A001370CD /* Assets.xcassets */ = {isa = PBXFileReference; lastKnownFileType = folder.assetcatalog; path = Assets.xcassets; sourceTree = "<group>"; };
		833A6AFE2B87331A001370CD /* Info.plist */ = {isa = PBXFileReference; lastKnownFileType = text.plist.xml; path = Info.plist; sourceTree = "<group>"; };
		833DC7F92B874CD50096703B /* FontLiterals.swift */ = {isa = PBXFileReference; lastKnownFileType = sourcecode.swift; path = FontLiterals.swift; sourceTree = "<group>"; };
		833DC7FB2B874CE50096703B /* StringLiterals.swift */ = {isa = PBXFileReference; lastKnownFileType = sourcecode.swift; path = StringLiterals.swift; sourceTree = "<group>"; };
		833DC7FD2B874CED0096703B /* SizeLiterals.swift */ = {isa = PBXFileReference; lastKnownFileType = sourcecode.swift; path = SizeLiterals.swift; sourceTree = "<group>"; };
		833DC8002B874D250096703B /* UIView+.swift */ = {isa = PBXFileReference; lastKnownFileType = sourcecode.swift; path = "UIView+.swift"; sourceTree = "<group>"; };
		833DC8032B874D5C0096703B /* UITableViewRegisterable.swift */ = {isa = PBXFileReference; lastKnownFileType = sourcecode.swift; path = UITableViewRegisterable.swift; sourceTree = "<group>"; };
		833DC8052B874D9A0096703B /* NSObject+.swift */ = {isa = PBXFileReference; lastKnownFileType = sourcecode.swift; path = "NSObject+.swift"; sourceTree = "<group>"; };
		833DC8072B874DD90096703B /* UICollectionViewRegisterable.swift */ = {isa = PBXFileReference; lastKnownFileType = sourcecode.swift; path = UICollectionViewRegisterable.swift; sourceTree = "<group>"; };
		833DC8122B8750EA0096703B /* HomeViewModel.swift */ = {isa = PBXFileReference; lastKnownFileType = sourcecode.swift; path = HomeViewModel.swift; sourceTree = "<group>"; };
		833DC8142B8750F30096703B /* HomeView.swift */ = {isa = PBXFileReference; lastKnownFileType = sourcecode.swift; path = HomeView.swift; sourceTree = "<group>"; };
		833DC8162B8751150096703B /* a.swift */ = {isa = PBXFileReference; lastKnownFileType = sourcecode.swift; path = a.swift; sourceTree = "<group>"; };
		83752E3D2B9F086D0060F047 /* TabBarItem.swift */ = {isa = PBXFileReference; lastKnownFileType = sourcecode.swift; path = TabBarItem.swift; sourceTree = "<group>"; };
		83752E3F2B9F0E550060F047 /* TabBarController.swift */ = {isa = PBXFileReference; lastKnownFileType = sourcecode.swift; path = TabBarController.swift; sourceTree = "<group>"; };
		A41289DE2B9F72FE00E3462D /* RoleChoiceView.swift */ = {isa = PBXFileReference; lastKnownFileType = sourcecode.swift; path = RoleChoiceView.swift; sourceTree = "<group>"; };
		A41289E22B9F731300E3462D /* RoleChoiceViewController.swift */ = {isa = PBXFileReference; lastKnownFileType = sourcecode.swift; path = RoleChoiceViewController.swift; sourceTree = "<group>"; };
		A41289E42BA0490B00E3462D /* OnboardingRegisterViewModel.swift */ = {isa = PBXFileReference; lastKnownFileType = sourcecode.swift; path = OnboardingRegisterViewModel.swift; sourceTree = "<group>"; };
		A41289E92BA04B9D00E3462D /* NameInputViewController.swift */ = {isa = PBXFileReference; lastKnownFileType = sourcecode.swift; path = NameInputViewController.swift; sourceTree = "<group>"; };
		A41289EB2BA04BA600E3462D /* NameInputView.swift */ = {isa = PBXFileReference; lastKnownFileType = sourcecode.swift; path = NameInputView.swift; sourceTree = "<group>"; };
		A41289EE2BA04CC100E3462D /* CustomTextField.swift */ = {isa = PBXFileReference; lastKnownFileType = sourcecode.swift; path = CustomTextField.swift; sourceTree = "<group>"; };
		A43B22F02BA3022C00E15CC3 /* Cafebara-iOS.entitlements */ = {isa = PBXFileReference; lastKnownFileType = text.plist.entitlements; path = "Cafebara-iOS.entitlements"; sourceTree = "<group>"; };
		A43B22F52BA3392500E15CC3 /* InviteCodeViewController.swift */ = {isa = PBXFileReference; lastKnownFileType = sourcecode.swift; path = InviteCodeViewController.swift; sourceTree = "<group>"; };
		A43B22F72BA3393100E15CC3 /* InviteCodeView.swift */ = {isa = PBXFileReference; lastKnownFileType = sourcecode.swift; path = InviteCodeView.swift; sourceTree = "<group>"; };
		A43B232C2BA6A44600E15CC3 /* StoreInputViewController.swift */ = {isa = PBXFileReference; lastKnownFileType = sourcecode.swift; path = StoreInputViewController.swift; sourceTree = "<group>"; };
		A43B232E2BA6A45000E15CC3 /* StoreInputView.swift */ = {isa = PBXFileReference; lastKnownFileType = sourcecode.swift; path = StoreInputView.swift; sourceTree = "<group>"; };
		A43B23302BA6A7F100E15CC3 /* String+.swift */ = {isa = PBXFileReference; lastKnownFileType = sourcecode.swift; path = "String+.swift"; sourceTree = "<group>"; };
		A43B23362BA87C3400E15CC3 /* RegisterCompleteView.swift */ = {isa = PBXFileReference; lastKnownFileType = sourcecode.swift; path = RegisterCompleteView.swift; sourceTree = "<group>"; };
		A43B23382BA87C3C00E15CC3 /* RegisterCompleteViewController.swift */ = {isa = PBXFileReference; lastKnownFileType = sourcecode.swift; path = RegisterCompleteViewController.swift; sourceTree = "<group>"; };
		A43B23452BA8830B00E15CC3 /* GoogleService-Info.plist */ = {isa = PBXFileReference; fileEncoding = 4; lastKnownFileType = text.plist.xml; path = "GoogleService-Info.plist"; sourceTree = "<group>"; };
		A43C73E42B8F31C900B39F21 /* SUIT-SemiBold.ttf */ = {isa = PBXFileReference; lastKnownFileType = file; path = "SUIT-SemiBold.ttf"; sourceTree = "<group>"; };
		A43C73E52B8F31C900B39F21 /* SUIT-Medium.ttf */ = {isa = PBXFileReference; lastKnownFileType = file; path = "SUIT-Medium.ttf"; sourceTree = "<group>"; };
		A43C73E62B8F31C900B39F21 /* SUIT-Bold.ttf */ = {isa = PBXFileReference; lastKnownFileType = file; path = "SUIT-Bold.ttf"; sourceTree = "<group>"; };
		A43C73E72B8F31C900B39F21 /* SUIT-Regular.ttf */ = {isa = PBXFileReference; lastKnownFileType = file; path = "SUIT-Regular.ttf"; sourceTree = "<group>"; };
		A43C73ED2B9049C900B39F21 /* .swiftlint.yml */ = {isa = PBXFileReference; lastKnownFileType = text.yaml; path = .swiftlint.yml; sourceTree = "<group>"; };
		A43C73F32B90513900B39F21 /* Config.swift */ = {isa = PBXFileReference; lastKnownFileType = sourcecode.swift; path = Config.swift; sourceTree = "<group>"; };
		A43C73F52B90515300B39F21 /* GeneralResponse.swift */ = {isa = PBXFileReference; lastKnownFileType = sourcecode.swift; path = GeneralResponse.swift; sourceTree = "<group>"; };
		A43C73F72B90515D00B39F21 /* NetworkLoggerPlugin.swift */ = {isa = PBXFileReference; lastKnownFileType = sourcecode.swift; path = NetworkLoggerPlugin.swift; sourceTree = "<group>"; };
		A43C73F92B90516C00B39F21 /* APIConstant.swift */ = {isa = PBXFileReference; lastKnownFileType = sourcecode.swift; path = APIConstant.swift; sourceTree = "<group>"; };
		A43C73FB2B90517200B39F21 /* URLConstant.swift */ = {isa = PBXFileReference; lastKnownFileType = sourcecode.swift; path = URLConstant.swift; sourceTree = "<group>"; };
		A43C73FF2B90518800B39F21 /* BaseTargetType.swift */ = {isa = PBXFileReference; lastKnownFileType = sourcecode.swift; path = BaseTargetType.swift; sourceTree = "<group>"; };
		A43C74022B90525F00B39F21 /* HomeTarget.swift */ = {isa = PBXFileReference; lastKnownFileType = sourcecode.swift; path = HomeTarget.swift; sourceTree = "<group>"; };
		A43C74052B90527000B39F21 /* HomeAPI.swift */ = {isa = PBXFileReference; lastKnownFileType = sourcecode.swift; path = HomeAPI.swift; sourceTree = "<group>"; };
		A488FB452B9AFAF4004D4A09 /* CustomNavigationView.swift */ = {isa = PBXFileReference; lastKnownFileType = sourcecode.swift; path = CustomNavigationView.swift; sourceTree = "<group>"; };
		A488FB532B9B10FB004D4A09 /* CustomAlertView.swift */ = {isa = PBXFileReference; lastKnownFileType = sourcecode.swift; path = CustomAlertView.swift; sourceTree = "<group>"; };
		A488FBA72B9B6B8E004D4A09 /* CustomButton.swift */ = {isa = PBXFileReference; lastKnownFileType = sourcecode.swift; path = CustomButton.swift; sourceTree = "<group>"; };
		A488FBAA2B9B81AB004D4A09 /* CustomToastMessage.swift */ = {isa = PBXFileReference; lastKnownFileType = sourcecode.swift; path = CustomToastMessage.swift; sourceTree = "<group>"; };
/* End PBXFileReference section */

/* Begin PBXFrameworksBuildPhase section */
		833A6AEA2B873317001370CD /* Frameworks */ = {
			isa = PBXFrameworksBuildPhase;
			buildActionMask = 2147483647;
			files = (
				A488FB932B9B5E6E004D4A09 /* RxCocoa in Frameworks */,
				A488FB8D2B9B5DF5004D4A09 /* Kingfisher in Frameworks */,
				A488FB952B9B5E6E004D4A09 /* RxRelay in Frameworks */,
				A43B23402BA87F0900E15CC3 /* FirebaseAnalyticsSwift in Frameworks */,
				A488FBA22B9B5FC1004D4A09 /* SnapKit in Frameworks */,
				A488FB8A2B9B5DE8004D4A09 /* Then in Frameworks */,
				A43B237A2BA98BFC00E15CC3 /* RxGesture in Frameworks */,
				A488FBA52B9B616B004D4A09 /* FSCalendar in Frameworks */,
				A43B23422BA87F0900E15CC3 /* FirebaseAnalyticsWithoutAdIdSupport in Frameworks */,
				A43B23442BA87F0900E15CC3 /* FirebaseMessaging in Frameworks */,
				A488FB902B9B5E0E004D4A09 /* Moya in Frameworks */,
				A43B233E2BA87F0900E15CC3 /* FirebaseAnalyticsOnDeviceConversion in Frameworks */,
				A488FB972B9B5E6E004D4A09 /* RxSwift in Frameworks */,
				A43B233C2BA87F0900E15CC3 /* FirebaseAnalytics in Frameworks */,
			);
			runOnlyForDeploymentPostprocessing = 0;
		};
/* End PBXFrameworksBuildPhase section */

/* Begin PBXGroup section */
		833A6AE42B873317001370CD = {
			isa = PBXGroup;
			children = (
				A43C73ED2B9049C900B39F21 /* .swiftlint.yml */,
				833A6AEF2B873317001370CD /* Cafebara-iOS */,
				833A6AEE2B873317001370CD /* Products */,
			);
			sourceTree = "<group>";
		};
		833A6AEE2B873317001370CD /* Products */ = {
			isa = PBXGroup;
			children = (
				833A6AED2B873317001370CD /* Cafebara-iOS.app */,
			);
			name = Products;
			sourceTree = "<group>";
		};
		833A6AEF2B873317001370CD /* Cafebara-iOS */ = {
			isa = PBXGroup;
			children = (
				A43B23452BA8830B00E15CC3 /* GoogleService-Info.plist */,
				A43B22F02BA3022C00E15CC3 /* Cafebara-iOS.entitlements */,
				833DC7F52B874C340096703B /* Application */,
				833DC7F42B874C2B0096703B /* Global */,
				A43C73E22B8F30BD00B39F21 /* Network */,
				833DC7F22B874C030096703B /* Presentation */,
				833A6AFE2B87331A001370CD /* Info.plist */,
			);
			path = "Cafebara-iOS";
			sourceTree = "<group>";
		};
		833DC7F22B874C030096703B /* Presentation */ = {
			isa = PBXGroup;
			children = (
				A488FB432B9AFAD5004D4A09 /* Common */,
				833DC8092B8750120096703B /* Home */,
				A41289D92B9F729500E3462D /* Onboarding */,
			);
			path = Presentation;
			sourceTree = "<group>";
		};
		833DC7F42B874C2B0096703B /* Global */ = {
			isa = PBXGroup;
			children = (
				833DC8022B874D2E0096703B /* Protocols */,
				833DC7FF2B874D090096703B /* Extensions */,
				833DC7F82B874CC30096703B /* Literals */,
				833DC7F72B874CB20096703B /* Resources */,
			);
			path = Global;
			sourceTree = "<group>";
		};
		833DC7F52B874C340096703B /* Application */ = {
			isa = PBXGroup;
			children = (
				833A6AF22B873317001370CD /* SceneDelegate.swift */,
				833A6AF02B873317001370CD /* AppDelegate.swift */,
			);
			path = Application;
			sourceTree = "<group>";
		};
		833DC7F72B874CB20096703B /* Resources */ = {
			isa = PBXGroup;
			children = (
				A43C73E32B8F316300B39F21 /* Font */,
				833A6AF92B87331A001370CD /* Assets.xcassets */,
			);
			path = Resources;
			sourceTree = "<group>";
		};
		833DC7F82B874CC30096703B /* Literals */ = {
			isa = PBXGroup;
			children = (
				833DC7F92B874CD50096703B /* FontLiterals.swift */,
				833DC7FB2B874CE50096703B /* StringLiterals.swift */,
				833DC7FD2B874CED0096703B /* SizeLiterals.swift */,
			);
			path = Literals;
			sourceTree = "<group>";
		};
		833DC7FF2B874D090096703B /* Extensions */ = {
			isa = PBXGroup;
			children = (
				8304715B2B87BBEB005AEEB4 /* UITextField+.swift */,
				830471592B87BBC2005AEEB4 /* UIButton+.swift */,
				830471572B87BA52005AEEB4 /* UILabel+.swift */,
				830471532B87B9E2005AEEB4 /* UIColor+.swift */,
				830471552B87BA0E005AEEB4 /* UIStackView+.swift */,
				833DC8002B874D250096703B /* UIView+.swift */,
				8304715D2B87BD22005AEEB4 /* UIImageView+.swift */,
				833DC8052B874D9A0096703B /* NSObject+.swift */,
				A43B23302BA6A7F100E15CC3 /* String+.swift */,
			);
			path = Extensions;
			sourceTree = "<group>";
		};
		833DC8022B874D2E0096703B /* Protocols */ = {
			isa = PBXGroup;
			children = (
				833DC8032B874D5C0096703B /* UITableViewRegisterable.swift */,
				833DC8072B874DD90096703B /* UICollectionViewRegisterable.swift */,
			);
			path = Protocols;
			sourceTree = "<group>";
		};
		833DC8092B8750120096703B /* Home */ = {
			isa = PBXGroup;
			children = (
				833DC80A2B87506D0096703B /* HomeScene */,
			);
			path = Home;
			sourceTree = "<group>";
		};
		833DC80A2B87506D0096703B /* HomeScene */ = {
			isa = PBXGroup;
			children = (
				833DC80F2B8750A50096703B /* ViewController */,
				833DC80E2B87509A0096703B /* ViewModel */,
				833DC80D2B8750920096703B /* View */,
				833DC80C2B8750880096703B /* Cell */,
			);
			path = HomeScene;
			sourceTree = "<group>";
		};
		833DC80C2B8750880096703B /* Cell */ = {
			isa = PBXGroup;
			children = (
				833DC8162B8751150096703B /* a.swift */,
			);
			path = Cell;
			sourceTree = "<group>";
		};
		833DC80D2B8750920096703B /* View */ = {
			isa = PBXGroup;
			children = (
				833DC8142B8750F30096703B /* HomeView.swift */,
			);
			path = View;
			sourceTree = "<group>";
		};
		833DC80E2B87509A0096703B /* ViewModel */ = {
			isa = PBXGroup;
			children = (
				833DC8122B8750EA0096703B /* HomeViewModel.swift */,
			);
			path = ViewModel;
			sourceTree = "<group>";
		};
		833DC80F2B8750A50096703B /* ViewController */ = {
			isa = PBXGroup;
			children = (
				833A6AF42B873317001370CD /* ViewController.swift */,
			);
			path = ViewController;
			sourceTree = "<group>";
		};
		83752E3A2B9EEE9F0060F047 /* CustomTabBar */ = {
			isa = PBXGroup;
			children = (
				83752E3D2B9F086D0060F047 /* TabBarItem.swift */,
				83752E3F2B9F0E550060F047 /* TabBarController.swift */,
			);
			path = CustomTabBar;
			sourceTree = "<group>";
		};
		A41289D92B9F729500E3462D /* Onboarding */ = {
			isa = PBXGroup;
			children = (
				A41289DA2B9F72B500E3462D /* RoleChoiceScene */,
				A41289E62BA04B5600E3462D /* NameInputScene */,
				A43B22F12BA338E100E15CC3 /* InviteCodeScene */,
				A43B23292BA6A41800E15CC3 /* StoreInputScene */,
				A43B23332BA87C1200E15CC3 /* RegisterCompleteScene */,
			);
			path = Onboarding;
			sourceTree = "<group>";
		};
		A41289DA2B9F72B500E3462D /* RoleChoiceScene */ = {
			isa = PBXGroup;
			children = (
				A41289DD2B9F72E300E3462D /* View */,
				A41289DC2B9F72DC00E3462D /* ViewModel */,
				A41289DB2B9F72D700E3462D /* ViewController */,
			);
			path = RoleChoiceScene;
			sourceTree = "<group>";
		};
		A41289DB2B9F72D700E3462D /* ViewController */ = {
			isa = PBXGroup;
			children = (
				A41289E22B9F731300E3462D /* RoleChoiceViewController.swift */,
			);
			path = ViewController;
			sourceTree = "<group>";
		};
		A41289DC2B9F72DC00E3462D /* ViewModel */ = {
			isa = PBXGroup;
			children = (
				A41289E42BA0490B00E3462D /* OnboardingRegisterViewModel.swift */,
			);
			path = ViewModel;
			sourceTree = "<group>";
		};
		A41289DD2B9F72E300E3462D /* View */ = {
			isa = PBXGroup;
			children = (
				A41289DE2B9F72FE00E3462D /* RoleChoiceView.swift */,
			);
			path = View;
			sourceTree = "<group>";
		};
		A41289E62BA04B5600E3462D /* NameInputScene */ = {
			isa = PBXGroup;
			children = (
				A41289E82BA04B8E00E3462D /* View */,
				A41289E72BA04B8700E3462D /* ViewController */,
			);
			path = NameInputScene;
			sourceTree = "<group>";
		};
		A41289E72BA04B8700E3462D /* ViewController */ = {
			isa = PBXGroup;
			children = (
				A41289E92BA04B9D00E3462D /* NameInputViewController.swift */,
			);
			path = ViewController;
			sourceTree = "<group>";
		};
		A41289E82BA04B8E00E3462D /* View */ = {
			isa = PBXGroup;
			children = (
				A41289EB2BA04BA600E3462D /* NameInputView.swift */,
			);
			path = View;
			sourceTree = "<group>";
		};
		A43B22F12BA338E100E15CC3 /* InviteCodeScene */ = {
			isa = PBXGroup;
			children = (
				A43B22F42BA3390100E15CC3 /* View */,
				A43B22F22BA338F500E15CC3 /* ViewController */,
			);
			path = InviteCodeScene;
			sourceTree = "<group>";
		};
		A43B22F22BA338F500E15CC3 /* ViewController */ = {
			isa = PBXGroup;
			children = (
				A43B22F52BA3392500E15CC3 /* InviteCodeViewController.swift */,
			);
			path = ViewController;
			sourceTree = "<group>";
		};
		A43B22F42BA3390100E15CC3 /* View */ = {
			isa = PBXGroup;
			children = (
				A43B22F72BA3393100E15CC3 /* InviteCodeView.swift */,
			);
			path = View;
			sourceTree = "<group>";
		};
		A43B23282BA6A35100E15CC3 /* UIComponents */ = {
			isa = PBXGroup;
			children = (
				A488FB532B9B10FB004D4A09 /* CustomAlertView.swift */,
				A488FB452B9AFAF4004D4A09 /* CustomNavigationView.swift */,
				A488FBA72B9B6B8E004D4A09 /* CustomButton.swift */,
				A488FBAA2B9B81AB004D4A09 /* CustomToastMessage.swift */,
				A41289EE2BA04CC100E3462D /* CustomTextField.swift */,
			);
			path = UIComponents;
			sourceTree = "<group>";
		};
		A43B23292BA6A41800E15CC3 /* StoreInputScene */ = {
			isa = PBXGroup;
			children = (
				A43B232B2BA6A43600E15CC3 /* View */,
				A43B232A2BA6A43000E15CC3 /* ViewController */,
			);
			path = StoreInputScene;
			sourceTree = "<group>";
		};
		A43B232A2BA6A43000E15CC3 /* ViewController */ = {
			isa = PBXGroup;
			children = (
				A43B232C2BA6A44600E15CC3 /* StoreInputViewController.swift */,
			);
			path = ViewController;
			sourceTree = "<group>";
		};
		A43B232B2BA6A43600E15CC3 /* View */ = {
			isa = PBXGroup;
			children = (
				A43B232E2BA6A45000E15CC3 /* StoreInputView.swift */,
			);
			path = View;
			sourceTree = "<group>";
		};
		A43B23332BA87C1200E15CC3 /* RegisterCompleteScene */ = {
			isa = PBXGroup;
			children = (
				A43B23352BA87C2200E15CC3 /* View */,
				A43B23342BA87C1D00E15CC3 /* ViewController */,
			);
			path = RegisterCompleteScene;
			sourceTree = "<group>";
		};
		A43B23342BA87C1D00E15CC3 /* ViewController */ = {
			isa = PBXGroup;
			children = (
				A43B23382BA87C3C00E15CC3 /* RegisterCompleteViewController.swift */,
			);
			path = ViewController;
			sourceTree = "<group>";
		};
		A43B23352BA87C2200E15CC3 /* View */ = {
			isa = PBXGroup;
			children = (
				A43B23362BA87C3400E15CC3 /* RegisterCompleteView.swift */,
			);
			path = View;
			sourceTree = "<group>";
		};
		A43C73E22B8F30BD00B39F21 /* Network */ = {
			isa = PBXGroup;
			children = (
				A43C73F22B90512B00B39F21 /* Base */,
				A43C73F12B90512500B39F21 /* Enviornment */,
				A43C73F02B90512200B39F21 /* API */,
				A43C73EF2B90511400B39F21 /* APIService */,
			);
			path = Network;
			sourceTree = "<group>";
		};
		A43C73E32B8F316300B39F21 /* Font */ = {
			isa = PBXGroup;
			children = (
				A43C73E62B8F31C900B39F21 /* SUIT-Bold.ttf */,
				A43C73E52B8F31C900B39F21 /* SUIT-Medium.ttf */,
				A43C73E72B8F31C900B39F21 /* SUIT-Regular.ttf */,
				A43C73E42B8F31C900B39F21 /* SUIT-SemiBold.ttf */,
			);
			path = Font;
			sourceTree = "<group>";
		};
		A43C73EF2B90511400B39F21 /* APIService */ = {
			isa = PBXGroup;
			children = (
				A43C74012B90525400B39F21 /* Home */,
			);
			path = APIService;
			sourceTree = "<group>";
		};
		A43C73F02B90512200B39F21 /* API */ = {
			isa = PBXGroup;
			children = (
				A43C74042B90526400B39F21 /* Home */,
			);
			path = API;
			sourceTree = "<group>";
		};
		A43C73F12B90512500B39F21 /* Enviornment */ = {
			isa = PBXGroup;
			children = (
				A43C73F32B90513900B39F21 /* Config.swift */,
			);
			path = Enviornment;
			sourceTree = "<group>";
		};
		A43C73F22B90512B00B39F21 /* Base */ = {
			isa = PBXGroup;
			children = (
				A43C73F52B90515300B39F21 /* GeneralResponse.swift */,
				A43C73F72B90515D00B39F21 /* NetworkLoggerPlugin.swift */,
				A43C73F92B90516C00B39F21 /* APIConstant.swift */,
				A43C73FB2B90517200B39F21 /* URLConstant.swift */,
				A43C73FF2B90518800B39F21 /* BaseTargetType.swift */,
			);
			path = Base;
			sourceTree = "<group>";
		};
		A43C74012B90525400B39F21 /* Home */ = {
			isa = PBXGroup;
			children = (
				A43C74022B90525F00B39F21 /* HomeTarget.swift */,
			);
			path = Home;
			sourceTree = "<group>";
		};
		A43C74042B90526400B39F21 /* Home */ = {
			isa = PBXGroup;
			children = (
				A43C74052B90527000B39F21 /* HomeAPI.swift */,
			);
			path = Home;
			sourceTree = "<group>";
		};
		A488FB432B9AFAD5004D4A09 /* Common */ = {
			isa = PBXGroup;
			children = (
				A43B23282BA6A35100E15CC3 /* UIComponents */,
				83752E3A2B9EEE9F0060F047 /* CustomTabBar */,
			);
			path = Common;
			sourceTree = "<group>";
		};
/* End PBXGroup section */

/* Begin PBXNativeTarget section */
		833A6AEC2B873317001370CD /* Cafebara-iOS */ = {
			isa = PBXNativeTarget;
			buildConfigurationList = 833A6B012B87331A001370CD /* Build configuration list for PBXNativeTarget "Cafebara-iOS" */;
			buildPhases = (
				A43C73EC2B90488D00B39F21 /* SwiftLint Script */,
				833A6AE92B873317001370CD /* Sources */,
				833A6AEA2B873317001370CD /* Frameworks */,
				833A6AEB2B873317001370CD /* Resources */,
			);
			buildRules = (
			);
			dependencies = (
			);
			name = "Cafebara-iOS";
			packageProductDependencies = (
				A488FB892B9B5DE8004D4A09 /* Then */,
				A488FB8C2B9B5DF5004D4A09 /* Kingfisher */,
				A488FB8F2B9B5E0E004D4A09 /* Moya */,
				A488FB922B9B5E6E004D4A09 /* RxCocoa */,
				A488FB942B9B5E6E004D4A09 /* RxRelay */,
				A488FB962B9B5E6E004D4A09 /* RxSwift */,
				A488FBA12B9B5FC1004D4A09 /* SnapKit */,
				A488FBA42B9B616B004D4A09 /* FSCalendar */,
				A43B233B2BA87F0900E15CC3 /* FirebaseAnalytics */,
				A43B233D2BA87F0900E15CC3 /* FirebaseAnalyticsOnDeviceConversion */,
				A43B233F2BA87F0900E15CC3 /* FirebaseAnalyticsSwift */,
				A43B23412BA87F0900E15CC3 /* FirebaseAnalyticsWithoutAdIdSupport */,
				A43B23432BA87F0900E15CC3 /* FirebaseMessaging */,
				A43B23792BA98BFC00E15CC3 /* RxGesture */,
			);
			productName = "Cafebara-iOS";
			productReference = 833A6AED2B873317001370CD /* Cafebara-iOS.app */;
			productType = "com.apple.product-type.application";
		};
/* End PBXNativeTarget section */

/* Begin PBXProject section */
		833A6AE52B873317001370CD /* Project object */ = {
			isa = PBXProject;
			attributes = {
				BuildIndependentTargetsInParallel = 1;
				LastSwiftUpdateCheck = 1520;
				LastUpgradeCheck = 1520;
				TargetAttributes = {
					833A6AEC2B873317001370CD = {
						CreatedOnToolsVersion = 15.2;
					};
				};
			};
			buildConfigurationList = 833A6AE82B873317001370CD /* Build configuration list for PBXProject "Cafebara-iOS" */;
			compatibilityVersion = "Xcode 14.0";
			developmentRegion = en;
			hasScannedForEncodings = 0;
			knownRegions = (
				en,
				Base,
			);
			mainGroup = 833A6AE42B873317001370CD;
			packageReferences = (
				A488FB882B9B5DE8004D4A09 /* XCRemoteSwiftPackageReference "Then" */,
				A488FB8B2B9B5DF5004D4A09 /* XCRemoteSwiftPackageReference "Kingfisher" */,
				A488FB8E2B9B5E0E004D4A09 /* XCRemoteSwiftPackageReference "Moya" */,
				A488FB912B9B5E6E004D4A09 /* XCRemoteSwiftPackageReference "RxSwift" */,
				A488FBA02B9B5FC1004D4A09 /* XCRemoteSwiftPackageReference "SnapKit" */,
				A488FBA32B9B616B004D4A09 /* XCRemoteSwiftPackageReference "FSCalendar" */,
				A43B233A2BA87F0900E15CC3 /* XCRemoteSwiftPackageReference "firebase-ios-sdk" */,
				A43B23782BA98BFC00E15CC3 /* XCRemoteSwiftPackageReference "RxGesture" */,
			);
			productRefGroup = 833A6AEE2B873317001370CD /* Products */;
			projectDirPath = "";
			projectRoot = "";
			targets = (
				833A6AEC2B873317001370CD /* Cafebara-iOS */,
			);
		};
/* End PBXProject section */

/* Begin PBXResourcesBuildPhase section */
		833A6AEB2B873317001370CD /* Resources */ = {
			isa = PBXResourcesBuildPhase;
			buildActionMask = 2147483647;
			files = (
				A43C73EE2B9049C900B39F21 /* .swiftlint.yml in Resources */,
				A43C73E82B8F31C900B39F21 /* SUIT-SemiBold.ttf in Resources */,
				A43C73EB2B8F31C900B39F21 /* SUIT-Regular.ttf in Resources */,
				A43B23462BA8830B00E15CC3 /* GoogleService-Info.plist in Resources */,
				A43C73EA2B8F31C900B39F21 /* SUIT-Bold.ttf in Resources */,
				A43C73E92B8F31C900B39F21 /* SUIT-Medium.ttf in Resources */,
				833A6AFA2B87331A001370CD /* Assets.xcassets in Resources */,
			);
			runOnlyForDeploymentPostprocessing = 0;
		};
/* End PBXResourcesBuildPhase section */

/* Begin PBXShellScriptBuildPhase section */
		A43C73EC2B90488D00B39F21 /* SwiftLint Script */ = {
			isa = PBXShellScriptBuildPhase;
			alwaysOutOfDate = 1;
			buildActionMask = 2147483647;
			files = (
			);
			inputFileListPaths = (
			);
			inputPaths = (
			);
			name = "SwiftLint Script";
			outputFileListPaths = (
			);
			outputPaths = (
			);
			runOnlyForDeploymentPostprocessing = 0;
			shellPath = /bin/sh;
			shellScript = "export PATH=\"$PATH:/opt/homebrew/bin\"\nif which swiftlint > /dev/null; then\n  swiftlint\nelse\n  echo \"warning: SwiftLint not installed, download from https://github.com/realm/SwiftLint\"\nfi\n";
		};
/* End PBXShellScriptBuildPhase section */

/* Begin PBXSourcesBuildPhase section */
		833A6AE92B873317001370CD /* Sources */ = {
			isa = PBXSourcesBuildPhase;
			buildActionMask = 2147483647;
			files = (
				A43C74002B90518800B39F21 /* BaseTargetType.swift in Sources */,
				833DC7FA2B874CD50096703B /* FontLiterals.swift in Sources */,
				A43C73F62B90515300B39F21 /* GeneralResponse.swift in Sources */,
				A488FB462B9AFAF4004D4A09 /* CustomNavigationView.swift in Sources */,
				A488FBAB2B9B81AB004D4A09 /* CustomToastMessage.swift in Sources */,
				833DC8132B8750EA0096703B /* HomeViewModel.swift in Sources */,
				A43B22F62BA3392500E15CC3 /* InviteCodeViewController.swift in Sources */,
				830471582B87BA52005AEEB4 /* UILabel+.swift in Sources */,
				A41289EF2BA04CC100E3462D /* CustomTextField.swift in Sources */,
				A41289DF2B9F72FE00E3462D /* RoleChoiceView.swift in Sources */,
				833DC7FC2B874CE50096703B /* StringLiterals.swift in Sources */,
				A41289E32B9F731300E3462D /* RoleChoiceViewController.swift in Sources */,
				8304715A2B87BBC2005AEEB4 /* UIButton+.swift in Sources */,
				833DC8042B874D5C0096703B /* UITableViewRegisterable.swift in Sources */,
				A43B232F2BA6A45000E15CC3 /* StoreInputView.swift in Sources */,
				A43B23372BA87C3400E15CC3 /* RegisterCompleteView.swift in Sources */,
				A43B23392BA87C3C00E15CC3 /* RegisterCompleteViewController.swift in Sources */,
				A43C73FA2B90516C00B39F21 /* APIConstant.swift in Sources */,
				A41289EA2BA04B9D00E3462D /* NameInputViewController.swift in Sources */,
				833DC8012B874D250096703B /* UIView+.swift in Sources */,
				A43B23312BA6A7F100E15CC3 /* String+.swift in Sources */,
				8304715E2B87BD22005AEEB4 /* UIImageView+.swift in Sources */,
				833DC7FE2B874CED0096703B /* SizeLiterals.swift in Sources */,
				833A6AF52B873317001370CD /* ViewController.swift in Sources */,
				83752E3E2B9F086D0060F047 /* TabBarItem.swift in Sources */,
				A43C74062B90527000B39F21 /* HomeAPI.swift in Sources */,
				A488FBA82B9B6B8E004D4A09 /* CustomButton.swift in Sources */,
				833A6AF12B873317001370CD /* AppDelegate.swift in Sources */,
				A43B22F82BA3393100E15CC3 /* InviteCodeView.swift in Sources */,
				833DC8082B874DD90096703B /* UICollectionViewRegisterable.swift in Sources */,
				833DC8172B8751150096703B /* a.swift in Sources */,
				830471562B87BA0E005AEEB4 /* UIStackView+.swift in Sources */,
				83752E402B9F0E550060F047 /* TabBarController.swift in Sources */,
				A488FB542B9B10FB004D4A09 /* CustomAlertView.swift in Sources */,
				A41289E52BA0490B00E3462D /* OnboardingRegisterViewModel.swift in Sources */,
				A41289EC2BA04BA600E3462D /* NameInputView.swift in Sources */,
				A43C74032B90525F00B39F21 /* HomeTarget.swift in Sources */,
				833DC8152B8750F30096703B /* HomeView.swift in Sources */,
				A43C73FC2B90517200B39F21 /* URLConstant.swift in Sources */,
				833DC8062B874D9A0096703B /* NSObject+.swift in Sources */,
				8304715C2B87BBEB005AEEB4 /* UITextField+.swift in Sources */,
				A43C73F42B90513900B39F21 /* Config.swift in Sources */,
				A43C73F82B90515D00B39F21 /* NetworkLoggerPlugin.swift in Sources */,
				A43B232D2BA6A44600E15CC3 /* StoreInputViewController.swift in Sources */,
				833A6AF32B873317001370CD /* SceneDelegate.swift in Sources */,
				830471542B87B9E2005AEEB4 /* UIColor+.swift in Sources */,
			);
			runOnlyForDeploymentPostprocessing = 0;
		};
/* End PBXSourcesBuildPhase section */

/* Begin XCBuildConfiguration section */
		833A6AFF2B87331A001370CD /* Debug */ = {
			isa = XCBuildConfiguration;
			buildSettings = {
				ALWAYS_SEARCH_USER_PATHS = NO;
				ASSETCATALOG_COMPILER_GENERATE_SWIFT_ASSET_SYMBOL_EXTENSIONS = YES;
				CLANG_ANALYZER_NONNULL = YES;
				CLANG_ANALYZER_NUMBER_OBJECT_CONVERSION = YES_AGGRESSIVE;
				CLANG_CXX_LANGUAGE_STANDARD = "gnu++20";
				CLANG_ENABLE_MODULES = YES;
				CLANG_ENABLE_OBJC_ARC = YES;
				CLANG_ENABLE_OBJC_WEAK = YES;
				CLANG_WARN_BLOCK_CAPTURE_AUTORELEASING = YES;
				CLANG_WARN_BOOL_CONVERSION = YES;
				CLANG_WARN_COMMA = YES;
				CLANG_WARN_CONSTANT_CONVERSION = YES;
				CLANG_WARN_DEPRECATED_OBJC_IMPLEMENTATIONS = YES;
				CLANG_WARN_DIRECT_OBJC_ISA_USAGE = YES_ERROR;
				CLANG_WARN_DOCUMENTATION_COMMENTS = YES;
				CLANG_WARN_EMPTY_BODY = YES;
				CLANG_WARN_ENUM_CONVERSION = YES;
				CLANG_WARN_INFINITE_RECURSION = YES;
				CLANG_WARN_INT_CONVERSION = YES;
				CLANG_WARN_NON_LITERAL_NULL_CONVERSION = YES;
				CLANG_WARN_OBJC_IMPLICIT_RETAIN_SELF = YES;
				CLANG_WARN_OBJC_LITERAL_CONVERSION = YES;
				CLANG_WARN_OBJC_ROOT_CLASS = YES_ERROR;
				CLANG_WARN_QUOTED_INCLUDE_IN_FRAMEWORK_HEADER = YES;
				CLANG_WARN_RANGE_LOOP_ANALYSIS = YES;
				CLANG_WARN_STRICT_PROTOTYPES = YES;
				CLANG_WARN_SUSPICIOUS_MOVE = YES;
				CLANG_WARN_UNGUARDED_AVAILABILITY = YES_AGGRESSIVE;
				CLANG_WARN_UNREACHABLE_CODE = YES;
				CLANG_WARN__DUPLICATE_METHOD_MATCH = YES;
				COPY_PHASE_STRIP = NO;
				DEBUG_INFORMATION_FORMAT = dwarf;
				ENABLE_STRICT_OBJC_MSGSEND = YES;
				ENABLE_TESTABILITY = YES;
				ENABLE_USER_SCRIPT_SANDBOXING = YES;
				GCC_C_LANGUAGE_STANDARD = gnu17;
				GCC_DYNAMIC_NO_PIC = NO;
				GCC_NO_COMMON_BLOCKS = YES;
				GCC_OPTIMIZATION_LEVEL = 0;
				GCC_PREPROCESSOR_DEFINITIONS = (
					"DEBUG=1",
					"$(inherited)",
				);
				GCC_WARN_64_TO_32_BIT_CONVERSION = YES;
				GCC_WARN_ABOUT_RETURN_TYPE = YES_ERROR;
				GCC_WARN_UNDECLARED_SELECTOR = YES;
				GCC_WARN_UNINITIALIZED_AUTOS = YES_AGGRESSIVE;
				GCC_WARN_UNUSED_FUNCTION = YES;
				GCC_WARN_UNUSED_VARIABLE = YES;
				IPHONEOS_DEPLOYMENT_TARGET = 16.4;
				LOCALIZATION_PREFERS_STRING_CATALOGS = YES;
				MTL_ENABLE_DEBUG_INFO = INCLUDE_SOURCE;
				MTL_FAST_MATH = YES;
				ONLY_ACTIVE_ARCH = YES;
				SDKROOT = iphoneos;
				SWIFT_ACTIVE_COMPILATION_CONDITIONS = "DEBUG $(inherited)";
				SWIFT_OPTIMIZATION_LEVEL = "-Onone";
			};
			name = Debug;
		};
		833A6B002B87331A001370CD /* Release */ = {
			isa = XCBuildConfiguration;
			buildSettings = {
				ALWAYS_SEARCH_USER_PATHS = NO;
				ASSETCATALOG_COMPILER_GENERATE_SWIFT_ASSET_SYMBOL_EXTENSIONS = YES;
				CLANG_ANALYZER_NONNULL = YES;
				CLANG_ANALYZER_NUMBER_OBJECT_CONVERSION = YES_AGGRESSIVE;
				CLANG_CXX_LANGUAGE_STANDARD = "gnu++20";
				CLANG_ENABLE_MODULES = YES;
				CLANG_ENABLE_OBJC_ARC = YES;
				CLANG_ENABLE_OBJC_WEAK = YES;
				CLANG_WARN_BLOCK_CAPTURE_AUTORELEASING = YES;
				CLANG_WARN_BOOL_CONVERSION = YES;
				CLANG_WARN_COMMA = YES;
				CLANG_WARN_CONSTANT_CONVERSION = YES;
				CLANG_WARN_DEPRECATED_OBJC_IMPLEMENTATIONS = YES;
				CLANG_WARN_DIRECT_OBJC_ISA_USAGE = YES_ERROR;
				CLANG_WARN_DOCUMENTATION_COMMENTS = YES;
				CLANG_WARN_EMPTY_BODY = YES;
				CLANG_WARN_ENUM_CONVERSION = YES;
				CLANG_WARN_INFINITE_RECURSION = YES;
				CLANG_WARN_INT_CONVERSION = YES;
				CLANG_WARN_NON_LITERAL_NULL_CONVERSION = YES;
				CLANG_WARN_OBJC_IMPLICIT_RETAIN_SELF = YES;
				CLANG_WARN_OBJC_LITERAL_CONVERSION = YES;
				CLANG_WARN_OBJC_ROOT_CLASS = YES_ERROR;
				CLANG_WARN_QUOTED_INCLUDE_IN_FRAMEWORK_HEADER = YES;
				CLANG_WARN_RANGE_LOOP_ANALYSIS = YES;
				CLANG_WARN_STRICT_PROTOTYPES = YES;
				CLANG_WARN_SUSPICIOUS_MOVE = YES;
				CLANG_WARN_UNGUARDED_AVAILABILITY = YES_AGGRESSIVE;
				CLANG_WARN_UNREACHABLE_CODE = YES;
				CLANG_WARN__DUPLICATE_METHOD_MATCH = YES;
				COPY_PHASE_STRIP = NO;
				DEBUG_INFORMATION_FORMAT = "dwarf-with-dsym";
				ENABLE_NS_ASSERTIONS = NO;
				ENABLE_STRICT_OBJC_MSGSEND = YES;
				ENABLE_USER_SCRIPT_SANDBOXING = YES;
				GCC_C_LANGUAGE_STANDARD = gnu17;
				GCC_NO_COMMON_BLOCKS = YES;
				GCC_WARN_64_TO_32_BIT_CONVERSION = YES;
				GCC_WARN_ABOUT_RETURN_TYPE = YES_ERROR;
				GCC_WARN_UNDECLARED_SELECTOR = YES;
				GCC_WARN_UNINITIALIZED_AUTOS = YES_AGGRESSIVE;
				GCC_WARN_UNUSED_FUNCTION = YES;
				GCC_WARN_UNUSED_VARIABLE = YES;
				IPHONEOS_DEPLOYMENT_TARGET = 16.4;
				LOCALIZATION_PREFERS_STRING_CATALOGS = YES;
				MTL_ENABLE_DEBUG_INFO = NO;
				MTL_FAST_MATH = YES;
				SDKROOT = iphoneos;
				SWIFT_COMPILATION_MODE = wholemodule;
				VALIDATE_PRODUCT = YES;
			};
			name = Release;
		};
		833A6B022B87331A001370CD /* Debug */ = {
			isa = XCBuildConfiguration;
			buildSettings = {
				ASSETCATALOG_COMPILER_APPICON_NAME = AppIcon;
				ASSETCATALOG_COMPILER_GLOBAL_ACCENT_COLOR_NAME = AccentColor;
				CODE_SIGN_ENTITLEMENTS = "Cafebara-iOS/Cafebara-iOS.entitlements";
				"CODE_SIGN_IDENTITY[sdk=iphoneos*]" = "iPhone Developer";
				CODE_SIGN_STYLE = Manual;
				CURRENT_PROJECT_VERSION = 1;
				DEVELOPMENT_TEAM = "";
				"DEVELOPMENT_TEAM[sdk=iphoneos*]" = XGXWL95BMU;
				ENABLE_USER_SCRIPT_SANDBOXING = NO;
				GENERATE_INFOPLIST_FILE = YES;
				INFOPLIST_FILE = "Cafebara-iOS/Info.plist";
				INFOPLIST_KEY_CFBundleDisplayName = Cafebara;
				INFOPLIST_KEY_UIApplicationSupportsIndirectInputEvents = YES;
				INFOPLIST_KEY_UILaunchStoryboardName = LaunchScreen;
				INFOPLIST_KEY_UISupportedInterfaceOrientations = UIInterfaceOrientationPortrait;
				INFOPLIST_KEY_UISupportedInterfaceOrientations_iPad = "UIInterfaceOrientationLandscapeLeft UIInterfaceOrientationLandscapeRight UIInterfaceOrientationPortrait UIInterfaceOrientationPortraitUpsideDown";
				IPHONEOS_DEPLOYMENT_TARGET = 15.0;
				LD_RUNPATH_SEARCH_PATHS = (
					"$(inherited)",
					"@executable_path/Frameworks",
				);
				MARKETING_VERSION = 1.0;
				PRODUCT_BUNDLE_IDENTIFIER = "com.Cafebara.Cafebara-iOS";
				PRODUCT_NAME = "$(TARGET_NAME)";
				PROVISIONING_PROFILE_SPECIFIER = "";
				"PROVISIONING_PROFILE_SPECIFIER[sdk=iphoneos*]" = "Cafebara Debug";
				SUPPORTED_PLATFORMS = "iphoneos iphonesimulator";
				SUPPORTS_MACCATALYST = NO;
				SWIFT_EMIT_LOC_STRINGS = YES;
				SWIFT_VERSION = 5.0;
				TARGETED_DEVICE_FAMILY = 1;
			};
			name = Debug;
		};
		833A6B032B87331A001370CD /* Release */ = {
			isa = XCBuildConfiguration;
			buildSettings = {
				ASSETCATALOG_COMPILER_APPICON_NAME = AppIcon;
				ASSETCATALOG_COMPILER_GLOBAL_ACCENT_COLOR_NAME = AccentColor;
				CODE_SIGN_ENTITLEMENTS = "Cafebara-iOS/Cafebara-iOS.entitlements";
				"CODE_SIGN_IDENTITY[sdk=iphoneos*]" = "iPhone Developer";
				CODE_SIGN_STYLE = Manual;
				CURRENT_PROJECT_VERSION = 1;
				DEVELOPMENT_TEAM = "";
				"DEVELOPMENT_TEAM[sdk=iphoneos*]" = XGXWL95BMU;
				ENABLE_USER_SCRIPT_SANDBOXING = NO;
				GENERATE_INFOPLIST_FILE = YES;
				INFOPLIST_FILE = "Cafebara-iOS/Info.plist";
				INFOPLIST_KEY_CFBundleDisplayName = Cafebara;
				INFOPLIST_KEY_UIApplicationSupportsIndirectInputEvents = YES;
				INFOPLIST_KEY_UILaunchStoryboardName = LaunchScreen;
				INFOPLIST_KEY_UISupportedInterfaceOrientations = UIInterfaceOrientationPortrait;
				INFOPLIST_KEY_UISupportedInterfaceOrientations_iPad = "UIInterfaceOrientationLandscapeLeft UIInterfaceOrientationLandscapeRight UIInterfaceOrientationPortrait UIInterfaceOrientationPortraitUpsideDown";
				IPHONEOS_DEPLOYMENT_TARGET = 15.0;
				LD_RUNPATH_SEARCH_PATHS = (
					"$(inherited)",
					"@executable_path/Frameworks",
				);
				MARKETING_VERSION = 1.0;
				PRODUCT_BUNDLE_IDENTIFIER = "com.Cafebara.Cafebara-iOS";
				PRODUCT_NAME = "$(TARGET_NAME)";
				PROVISIONING_PROFILE_SPECIFIER = "";
				"PROVISIONING_PROFILE_SPECIFIER[sdk=iphoneos*]" = "Cafebara Debug";
				SUPPORTED_PLATFORMS = "iphoneos iphonesimulator";
				SUPPORTS_MACCATALYST = NO;
				SWIFT_EMIT_LOC_STRINGS = YES;
				SWIFT_VERSION = 5.0;
				TARGETED_DEVICE_FAMILY = 1;
			};
			name = Release;
		};
/* End XCBuildConfiguration section */

/* Begin XCConfigurationList section */
		833A6AE82B873317001370CD /* Build configuration list for PBXProject "Cafebara-iOS" */ = {
			isa = XCConfigurationList;
			buildConfigurations = (
				833A6AFF2B87331A001370CD /* Debug */,
				833A6B002B87331A001370CD /* Release */,
			);
			defaultConfigurationIsVisible = 0;
			defaultConfigurationName = Release;
		};
		833A6B012B87331A001370CD /* Build configuration list for PBXNativeTarget "Cafebara-iOS" */ = {
			isa = XCConfigurationList;
			buildConfigurations = (
				833A6B022B87331A001370CD /* Debug */,
				833A6B032B87331A001370CD /* Release */,
			);
			defaultConfigurationIsVisible = 0;
			defaultConfigurationName = Release;
		};
/* End XCConfigurationList section */

/* Begin XCRemoteSwiftPackageReference section */
		A43B233A2BA87F0900E15CC3 /* XCRemoteSwiftPackageReference "firebase-ios-sdk" */ = {
			isa = XCRemoteSwiftPackageReference;
			repositoryURL = "https://github.com/firebase/firebase-ios-sdk";
			requirement = {
				kind = upToNextMajorVersion;
				minimumVersion = 10.22.1;
			};
		};
		A43B23782BA98BFC00E15CC3 /* XCRemoteSwiftPackageReference "RxGesture" */ = {
			isa = XCRemoteSwiftPackageReference;
			repositoryURL = "https://github.com/RxSwiftCommunity/RxGesture";
			requirement = {
				kind = upToNextMajorVersion;
				minimumVersion = 4.0.4;
			};
		};
		A488FB882B9B5DE8004D4A09 /* XCRemoteSwiftPackageReference "Then" */ = {
			isa = XCRemoteSwiftPackageReference;
			repositoryURL = "https://github.com/devxoul/Then.git";
			requirement = {
				kind = upToNextMajorVersion;
				minimumVersion = 3.0.0;
			};
		};
		A488FB8B2B9B5DF5004D4A09 /* XCRemoteSwiftPackageReference "Kingfisher" */ = {
			isa = XCRemoteSwiftPackageReference;
			repositoryURL = "https://github.com/onevcat/Kingfisher";
			requirement = {
				kind = upToNextMajorVersion;
				minimumVersion = 7.11.0;
			};
		};
		A488FB8E2B9B5E0E004D4A09 /* XCRemoteSwiftPackageReference "Moya" */ = {
			isa = XCRemoteSwiftPackageReference;
			repositoryURL = "https://github.com/Moya/Moya";
			requirement = {
				kind = upToNextMajorVersion;
				minimumVersion = 15.0.3;
			};
		};
		A488FB912B9B5E6E004D4A09 /* XCRemoteSwiftPackageReference "RxSwift" */ = {
			isa = XCRemoteSwiftPackageReference;
			repositoryURL = "https://github.com/ReactiveX/RxSwift";
			requirement = {
				kind = upToNextMajorVersion;
				minimumVersion = 6.6.0;
			};
		};
		A488FBA02B9B5FC1004D4A09 /* XCRemoteSwiftPackageReference "SnapKit" */ = {
			isa = XCRemoteSwiftPackageReference;
			repositoryURL = "https://github.com/SnapKit/SnapKit.git";
			requirement = {
				kind = upToNextMajorVersion;
				minimumVersion = 5.7.1;
			};
		};
		A488FBA32B9B616B004D4A09 /* XCRemoteSwiftPackageReference "FSCalendar" */ = {
			isa = XCRemoteSwiftPackageReference;
			repositoryURL = "https://github.com/WenchaoD/FSCalendar";
			requirement = {
				kind = upToNextMajorVersion;
				minimumVersion = 2.8.4;
			};
		};
/* End XCRemoteSwiftPackageReference section */

/* Begin XCSwiftPackageProductDependency section */
		A43B233B2BA87F0900E15CC3 /* FirebaseAnalytics */ = {
			isa = XCSwiftPackageProductDependency;
			package = A43B233A2BA87F0900E15CC3 /* XCRemoteSwiftPackageReference "firebase-ios-sdk" */;
			productName = FirebaseAnalytics;
		};
		A43B233D2BA87F0900E15CC3 /* FirebaseAnalyticsOnDeviceConversion */ = {
			isa = XCSwiftPackageProductDependency;
			package = A43B233A2BA87F0900E15CC3 /* XCRemoteSwiftPackageReference "firebase-ios-sdk" */;
			productName = FirebaseAnalyticsOnDeviceConversion;
		};
		A43B233F2BA87F0900E15CC3 /* FirebaseAnalyticsSwift */ = {
			isa = XCSwiftPackageProductDependency;
			package = A43B233A2BA87F0900E15CC3 /* XCRemoteSwiftPackageReference "firebase-ios-sdk" */;
			productName = FirebaseAnalyticsSwift;
		};
		A43B23412BA87F0900E15CC3 /* FirebaseAnalyticsWithoutAdIdSupport */ = {
			isa = XCSwiftPackageProductDependency;
			package = A43B233A2BA87F0900E15CC3 /* XCRemoteSwiftPackageReference "firebase-ios-sdk" */;
			productName = FirebaseAnalyticsWithoutAdIdSupport;
		};
		A43B23432BA87F0900E15CC3 /* FirebaseMessaging */ = {
			isa = XCSwiftPackageProductDependency;
			package = A43B233A2BA87F0900E15CC3 /* XCRemoteSwiftPackageReference "firebase-ios-sdk" */;
			productName = FirebaseMessaging;
		};
		A43B23792BA98BFC00E15CC3 /* RxGesture */ = {
			isa = XCSwiftPackageProductDependency;
			package = A43B23782BA98BFC00E15CC3 /* XCRemoteSwiftPackageReference "RxGesture" */;
			productName = RxGesture;
		};
		A488FB892B9B5DE8004D4A09 /* Then */ = {
			isa = XCSwiftPackageProductDependency;
			package = A488FB882B9B5DE8004D4A09 /* XCRemoteSwiftPackageReference "Then" */;
			productName = Then;
		};
		A488FB8C2B9B5DF5004D4A09 /* Kingfisher */ = {
			isa = XCSwiftPackageProductDependency;
			package = A488FB8B2B9B5DF5004D4A09 /* XCRemoteSwiftPackageReference "Kingfisher" */;
			productName = Kingfisher;
		};
		A488FB8F2B9B5E0E004D4A09 /* Moya */ = {
			isa = XCSwiftPackageProductDependency;
			package = A488FB8E2B9B5E0E004D4A09 /* XCRemoteSwiftPackageReference "Moya" */;
			productName = Moya;
		};
		A488FB922B9B5E6E004D4A09 /* RxCocoa */ = {
			isa = XCSwiftPackageProductDependency;
			package = A488FB912B9B5E6E004D4A09 /* XCRemoteSwiftPackageReference "RxSwift" */;
			productName = RxCocoa;
		};
		A488FB942B9B5E6E004D4A09 /* RxRelay */ = {
			isa = XCSwiftPackageProductDependency;
			package = A488FB912B9B5E6E004D4A09 /* XCRemoteSwiftPackageReference "RxSwift" */;
			productName = RxRelay;
		};
		A488FB962B9B5E6E004D4A09 /* RxSwift */ = {
			isa = XCSwiftPackageProductDependency;
			package = A488FB912B9B5E6E004D4A09 /* XCRemoteSwiftPackageReference "RxSwift" */;
			productName = RxSwift;
		};
		A488FBA12B9B5FC1004D4A09 /* SnapKit */ = {
			isa = XCSwiftPackageProductDependency;
			package = A488FBA02B9B5FC1004D4A09 /* XCRemoteSwiftPackageReference "SnapKit" */;
			productName = SnapKit;
		};
		A488FBA42B9B616B004D4A09 /* FSCalendar */ = {
			isa = XCSwiftPackageProductDependency;
			package = A488FBA32B9B616B004D4A09 /* XCRemoteSwiftPackageReference "FSCalendar" */;
			productName = FSCalendar;
		};
/* End XCSwiftPackageProductDependency section */
	};
	rootObject = 833A6AE52B873317001370CD /* Project object */;
}
